
Microsoft Visual Studio Solution File, Format Version 12.00
# Visual Studio Version 16
VisualStudioVersion = 16.0.30621.155
MinimumVisualStudioVersion = 10.0.40219.1
Project("{FAE04EC0-301F-11D3-BF4B-00C04F79EFBC}") = "inventory management", "inventory management\inventory management.csproj", "{8B36110A-1920-46CC-9744-1065D608E161}"
EndProject
Global
	GlobalSection(SolutionConfigurationPlatforms) = preSolution
		Debug|Any CPU = Debug|Any CPU
		Release|Any CPU = Release|Any CPU
	EndGlobalSection
	GlobalSection(ProjectConfigurationPlatforms) = postSolution
		{8B36110A-1920-46CC-9744-1065D608E161}.Debug|Any CPU.ActiveCfg = Debug|Any CPU
		{8B36110A-1920-46CC-9744-1065D608E161}.Debug|Any CPU.Build.0 = Debug|Any CPU
		{8B36110A-1920-46CC-9744-1065D608E161}.Release|Any CPU.ActiveCfg = Release|Any CPU
		{8B36110A-1920-46CC-9744-1065D608E161}.Release|Any CPU.Build.0 = Release|Any CPU
	EndGlobalSection
	GlobalSection(SolutionProperties) = preSolution
		HideSolutionNode = FALSE
	EndGlobalSection
	GlobalSection(ExtensibilityGlobals) = postSolution
		SolutionGuid = {7E24ACE2-9642-41F8-9544-DF67A602BC01}
	EndGlobalSection
EndGlobal
